// !$*UTF8*$!
{
	archiveVersion = 1;
	classes = {
	};
	objectVersion = 46;
	objects = {

/* Begin PBXBuildFile section */
		9149FC0416F2717100DE9E34 /* RadialLayout.m in Sources */ = {isa = PBXBuildFile; fileRef = 9149FC0316F2717100DE9E34 /* RadialLayout.m */; };
		9149FC5C16F37EE000DE9E34 /* TransformLayout.m in Sources */ = {isa = PBXBuildFile; fileRef = 9149FC5B16F37EE000DE9E34 /* TransformLayout.m */; };
		916CCC0A16E387C3006882E2 /* UIKit.framework in Frameworks */ = {isa = PBXBuildFile; fileRef = 916CCC0916E387C3006882E2 /* UIKit.framework */; };
		916CCC0C16E387C3006882E2 /* Foundation.framework in Frameworks */ = {isa = PBXBuildFile; fileRef = 916CCC0B16E387C3006882E2 /* Foundation.framework */; };
		916CCC0E16E387C3006882E2 /* CoreGraphics.framework in Frameworks */ = {isa = PBXBuildFile; fileRef = 916CCC0D16E387C3006882E2 /* CoreGraphics.framework */; };
		916CCC1416E387C3006882E2 /* InfoPlist.strings in Resources */ = {isa = PBXBuildFile; fileRef = 916CCC1216E387C3006882E2 /* InfoPlist.strings */; };
		916CCC1616E387C3006882E2 /* main.m in Sources */ = {isa = PBXBuildFile; fileRef = 916CCC1516E387C3006882E2 /* main.m */; };
		916CCC1A16E387C3006882E2 /* AppDelegate.m in Sources */ = {isa = PBXBuildFile; fileRef = 916CCC1916E387C3006882E2 /* AppDelegate.m */; };
		916CCC1C16E387C3006882E2 /* Default.png in Resources */ = {isa = PBXBuildFile; fileRef = 916CCC1B16E387C3006882E2 /* Default.png */; };
		916CCC1E16E387C3006882E2 /* Default@2x.png in Resources */ = {isa = PBXBuildFile; fileRef = 916CCC1D16E387C3006882E2 /* Default@2x.png */; };
		916CCC2016E387C3006882E2 /* Default-568h@2x.png in Resources */ = {isa = PBXBuildFile; fileRef = 916CCC1F16E387C3006882E2 /* Default-568h@2x.png */; };
		916CCC2316E387C3006882E2 /* CollectionViewController.m in Sources */ = {isa = PBXBuildFile; fileRef = 916CCC2216E387C3006882E2 /* CollectionViewController.m */; };
		916CCC2616E387C3006882E2 /* CollectionViewController_iPhone.xib in Resources */ = {isa = PBXBuildFile; fileRef = 916CCC2416E387C3006882E2 /* CollectionViewController_iPhone.xib */; };
		916CCC2916E387C3006882E2 /* CollectionViewController_iPad.xib in Resources */ = {isa = PBXBuildFile; fileRef = 916CCC2716E387C3006882E2 /* CollectionViewController_iPad.xib */; };
		916CCC3216E3885E006882E2 /* TableViewStyleLayout.m in Sources */ = {isa = PBXBuildFile; fileRef = 916CCC3116E3885E006882E2 /* TableViewStyleLayout.m */; };
		916CCC3416E389A7006882E2 /* Images in Resources */ = {isa = PBXBuildFile; fileRef = 916CCC3316E389A7006882E2 /* Images */; };
		916CCC3816E38AD2006882E2 /* CollectionViewCellWithImageView.m in Sources */ = {isa = PBXBuildFile; fileRef = 916CCC3716E38AD2006882E2 /* CollectionViewCellWithImageView.m */; };
		9176D83616E39C22008F444E /* GridStyleLayout.m in Sources */ = {isa = PBXBuildFile; fileRef = 9176D83516E39C22008F444E /* GridStyleLayout.m */; };
		91C7042D16E3C6A9004F2B76 /* CoverFlowStyleLayout.m in Sources */ = {isa = PBXBuildFile; fileRef = 91C7042C16E3C6A9004F2B76 /* CoverFlowStyleLayout.m */; };
		91C7042F16E3CBD0004F2B76 /* QuartzCore.framework in Frameworks */ = {isa = PBXBuildFile; fileRef = 91C7042E16E3CBD0004F2B76 /* QuartzCore.framework */; };
/* End PBXBuildFile section */

/* Begin PBXFileReference section */
		9149FC0216F2717100DE9E34 /* RadialLayout.h */ = {isa = PBXFileReference; fileEncoding = 4; lastKnownFileType = sourcecode.c.h; path = RadialLayout.h; sourceTree = "<group>"; };
		9149FC0316F2717100DE9E34 /* RadialLayout.m */ = {isa = PBXFileReference; fileEncoding = 4; lastKnownFileType = sourcecode.c.objc; path = RadialLayout.m; sourceTree = "<group>"; };
		9149FC5A16F37EDF00DE9E34 /* TransformLayout.h */ = {isa = PBXFileReference; fileEncoding = 4; lastKnownFileType = sourcecode.c.h; path = TransformLayout.h; sourceTree = "<group>"; };
		9149FC5B16F37EE000DE9E34 /* TransformLayout.m */ = {isa = PBXFileReference; fileEncoding = 4; lastKnownFileType = sourcecode.c.objc; path = TransformLayout.m; sourceTree = "<group>"; };
		916CCC0616E387C3006882E2 /* CollectionViewExamples.app */ = {isa = PBXFileReference; explicitFileType = wrapper.application; includeInIndex = 0; path = CollectionViewExamples.app; sourceTree = BUILT_PRODUCTS_DIR; };
		916CCC0916E387C3006882E2 /* UIKit.framework */ = {isa = PBXFileReference; lastKnownFileType = wrapper.framework; name = UIKit.framework; path = System/Library/Frameworks/UIKit.framework; sourceTree = SDKROOT; };
		916CCC0B16E387C3006882E2 /* Foundation.framework */ = {isa = PBXFileReference; lastKnownFileType = wrapper.framework; name = Foundation.framework; path = System/Library/Frameworks/Foundation.framework; sourceTree = SDKROOT; };
		916CCC0D16E387C3006882E2 /* CoreGraphics.framework */ = {isa = PBXFileReference; lastKnownFileType = wrapper.framework; name = CoreGraphics.framework; path = System/Library/Frameworks/CoreGraphics.framework; sourceTree = SDKROOT; };
		916CCC1116E387C3006882E2 /* CollectionViewExamples-Info.plist */ = {isa = PBXFileReference; lastKnownFileType = text.plist.xml; path = "CollectionViewExamples-Info.plist"; sourceTree = "<group>"; };
		916CCC1316E387C3006882E2 /* en */ = {isa = PBXFileReference; lastKnownFileType = text.plist.strings; name = en; path = en.lproj/InfoPlist.strings; sourceTree = "<group>"; };
		916CCC1516E387C3006882E2 /* main.m */ = {isa = PBXFileReference; lastKnownFileType = sourcecode.c.objc; path = main.m; sourceTree = "<group>"; };
		916CCC1716E387C3006882E2 /* CollectionViewExamples-Prefix.pch */ = {isa = PBXFileReference; lastKnownFileType = sourcecode.c.h; path = "CollectionViewExamples-Prefix.pch"; sourceTree = "<group>"; };
		916CCC1816E387C3006882E2 /* AppDelegate.h */ = {isa = PBXFileReference; lastKnownFileType = sourcecode.c.h; path = AppDelegate.h; sourceTree = "<group>"; };
		916CCC1916E387C3006882E2 /* AppDelegate.m */ = {isa = PBXFileReference; lastKnownFileType = sourcecode.c.objc; path = AppDelegate.m; sourceTree = "<group>"; };
		916CCC1B16E387C3006882E2 /* Default.png */ = {isa = PBXFileReference; lastKnownFileType = image.png; path = Default.png; sourceTree = "<group>"; };
		916CCC1D16E387C3006882E2 /* Default@2x.png */ = {isa = PBXFileReference; lastKnownFileType = image.png; path = "Default@2x.png"; sourceTree = "<group>"; };
		916CCC1F16E387C3006882E2 /* Default-568h@2x.png */ = {isa = PBXFileReference; lastKnownFileType = image.png; path = "Default-568h@2x.png"; sourceTree = "<group>"; };
		916CCC2116E387C3006882E2 /* CollectionViewController.h */ = {isa = PBXFileReference; lastKnownFileType = sourcecode.c.h; path = CollectionViewController.h; sourceTree = "<group>"; };
		916CCC2216E387C3006882E2 /* CollectionViewController.m */ = {isa = PBXFileReference; lastKnownFileType = sourcecode.c.objc; path = CollectionViewController.m; sourceTree = "<group>"; };
		916CCC2516E387C3006882E2 /* en */ = {isa = PBXFileReference; lastKnownFileType = file.xib; name = en; path = en.lproj/CollectionViewController_iPhone.xib; sourceTree = "<group>"; };
		916CCC2816E387C3006882E2 /* en */ = {isa = PBXFileReference; lastKnownFileType = file.xib; name = en; path = en.lproj/CollectionViewController_iPad.xib; sourceTree = "<group>"; };
		916CCC3016E3885E006882E2 /* TableViewStyleLayout.h */ = {isa = PBXFileReference; fileEncoding = 4; lastKnownFileType = sourcecode.c.h; path = TableViewStyleLayout.h; sourceTree = "<group>"; };
		916CCC3116E3885E006882E2 /* TableViewStyleLayout.m */ = {isa = PBXFileReference; fileEncoding = 4; lastKnownFileType = sourcecode.c.objc; path = TableViewStyleLayout.m; sourceTree = "<group>"; };
		916CCC3316E389A7006882E2 /* Images */ = {isa = PBXFileReference; lastKnownFileType = folder; name = Images; path = CollectionViewExamples/Images; sourceTree = "<group>"; };
		916CCC3616E38AD2006882E2 /* CollectionViewCellWithImageView.h */ = {isa = PBXFileReference; fileEncoding = 4; lastKnownFileType = sourcecode.c.h; name = CollectionViewCellWithImageView.h; path = CollectionViewExamples/CollectionViewCellWithImageView.h; sourceTree = "<group>"; };
		916CCC3716E38AD2006882E2 /* CollectionViewCellWithImageView.m */ = {isa = PBXFileReference; fileEncoding = 4; lastKnownFileType = sourcecode.c.objc; name = CollectionViewCellWithImageView.m; path = CollectionViewExamples/CollectionViewCellWithImageView.m; sourceTree = "<group>"; };
		9176D83416E39C22008F444E /* GridStyleLayout.h */ = {isa = PBXFileReference; fileEncoding = 4; lastKnownFileType = sourcecode.c.h; path = GridStyleLayout.h; sourceTree = "<group>"; };
		9176D83516E39C22008F444E /* GridStyleLayout.m */ = {isa = PBXFileReference; fileEncoding = 4; lastKnownFileType = sourcecode.c.objc; path = GridStyleLayout.m; sourceTree = "<group>"; };
		91C7042B16E3C6A9004F2B76 /* CoverFlowStyleLayout.h */ = {isa = PBXFileReference; fileEncoding = 4; lastKnownFileType = sourcecode.c.h; path = CoverFlowStyleLayout.h; sourceTree = "<group>"; };
		91C7042C16E3C6A9004F2B76 /* CoverFlowStyleLayout.m */ = {isa = PBXFileReference; fileEncoding = 4; lastKnownFileType = sourcecode.c.objc; path = CoverFlowStyleLayout.m; sourceTree = "<group>"; };
		91C7042E16E3CBD0004F2B76 /* QuartzCore.framework */ = {isa = PBXFileReference; lastKnownFileType = wrapper.framework; name = QuartzCore.framework; path = System/Library/Frameworks/QuartzCore.framework; sourceTree = SDKROOT; };
/* End PBXFileReference section */

/* Begin PBXFrameworksBuildPhase section */
		916CCC0316E387C3006882E2 /* Frameworks */ = {
			isa = PBXFrameworksBuildPhase;
			buildActionMask = 2147483647;
			files = (
				91C7042F16E3CBD0004F2B76 /* QuartzCore.framework in Frameworks */,
				916CCC0A16E387C3006882E2 /* UIKit.framework in Frameworks */,
				916CCC0C16E387C3006882E2 /* Foundation.framework in Frameworks */,
				916CCC0E16E387C3006882E2 /* CoreGraphics.framework in Frameworks */,
			);
			runOnlyForDeploymentPostprocessing = 0;
		};
/* End PBXFrameworksBuildPhase section */

/* Begin PBXGroup section */
		916CCBFD16E387C3006882E2 = {
			isa = PBXGroup;
			children = (
				91C7042E16E3CBD0004F2B76 /* QuartzCore.framework */,
				916CCC3316E389A7006882E2 /* Images */,
				916CCC0F16E387C3006882E2 /* CollectionViewExamples */,
				916CCC0816E387C3006882E2 /* Frameworks */,
				916CCC0716E387C3006882E2 /* Products */,
			);
			sourceTree = "<group>";
		};
		916CCC0716E387C3006882E2 /* Products */ = {
			isa = PBXGroup;
			children = (
				916CCC0616E387C3006882E2 /* CollectionViewExamples.app */,
			);
			name = Products;
			sourceTree = "<group>";
		};
		916CCC0816E387C3006882E2 /* Frameworks */ = {
			isa = PBXGroup;
			children = (
				916CCC0916E387C3006882E2 /* UIKit.framework */,
				916CCC0B16E387C3006882E2 /* Foundation.framework */,
				916CCC0D16E387C3006882E2 /* CoreGraphics.framework */,
			);
			name = Frameworks;
			sourceTree = "<group>";
		};
		916CCC0F16E387C3006882E2 /* CollectionViewExamples */ = {
			isa = PBXGroup;
			children = (
				916CCC1816E387C3006882E2 /* AppDelegate.h */,
				916CCC1916E387C3006882E2 /* AppDelegate.m */,
				916CCC2116E387C3006882E2 /* CollectionViewController.h */,
				916CCC2216E387C3006882E2 /* CollectionViewController.m */,
				916CCC2416E387C3006882E2 /* CollectionViewController_iPhone.xib */,
				916CCC2716E387C3006882E2 /* CollectionViewController_iPad.xib */,
				916CCC3516E38AB0006882E2 /* Collection View Cells */,
				916CCC2F16E38843006882E2 /* Collection View Layouts */,
				916CCC1016E387C3006882E2 /* Supporting Files */,
			);
			path = CollectionViewExamples;
			sourceTree = "<group>";
		};
		916CCC1016E387C3006882E2 /* Supporting Files */ = {
			isa = PBXGroup;
			children = (
				916CCC1116E387C3006882E2 /* CollectionViewExamples-Info.plist */,
				916CCC1216E387C3006882E2 /* InfoPlist.strings */,
				916CCC1516E387C3006882E2 /* main.m */,
				916CCC1716E387C3006882E2 /* CollectionViewExamples-Prefix.pch */,
				916CCC1B16E387C3006882E2 /* Default.png */,
				916CCC1D16E387C3006882E2 /* Default@2x.png */,
				916CCC1F16E387C3006882E2 /* Default-568h@2x.png */,
			);
			name = "Supporting Files";
			sourceTree = "<group>";
		};
		916CCC2F16E38843006882E2 /* Collection View Layouts */ = {
			isa = PBXGroup;
			children = (
				916CCC3016E3885E006882E2 /* TableViewStyleLayout.h */,
				916CCC3116E3885E006882E2 /* TableViewStyleLayout.m */,
				9176D83416E39C22008F444E /* GridStyleLayout.h */,
				9176D83516E39C22008F444E /* GridStyleLayout.m */,
				91C7042B16E3C6A9004F2B76 /* CoverFlowStyleLayout.h */,
				91C7042C16E3C6A9004F2B76 /* CoverFlowStyleLayout.m */,
				9149FC0216F2717100DE9E34 /* RadialLayout.h */,
				9149FC0316F2717100DE9E34 /* RadialLayout.m */,
				9149FC5A16F37EDF00DE9E34 /* TransformLayout.h */,
				9149FC5B16F37EE000DE9E34 /* TransformLayout.m */,
			);
			name = "Collection View Layouts";
			sourceTree = "<group>";
		};
		916CCC3516E38AB0006882E2 /* Collection View Cells */ = {
			isa = PBXGroup;
			children = (
				916CCC3616E38AD2006882E2 /* CollectionViewCellWithImageView.h */,
				916CCC3716E38AD2006882E2 /* CollectionViewCellWithImageView.m */,
			);
			name = "Collection View Cells";
			path = ..;
			sourceTree = "<group>";
		};
/* End PBXGroup section */

/* Begin PBXNativeTarget section */
		916CCC0516E387C3006882E2 /* CollectionViewExamples */ = {
			isa = PBXNativeTarget;
			buildConfigurationList = 916CCC2C16E387C3006882E2 /* Build configuration list for PBXNativeTarget "CollectionViewExamples" */;
			buildPhases = (
				916CCC0216E387C3006882E2 /* Sources */,
				916CCC0316E387C3006882E2 /* Frameworks */,
				916CCC0416E387C3006882E2 /* Resources */,
			);
			buildRules = (
			);
			dependencies = (
			);
			name = CollectionViewExamples;
			productName = CollectionViewExamples;
			productReference = 916CCC0616E387C3006882E2 /* CollectionViewExamples.app */;
			productType = "com.apple.product-type.application";
		};
/* End PBXNativeTarget section */

/* Begin PBXProject section */
		916CCBFE16E387C3006882E2 /* Project object */ = {
			isa = PBXProject;
			attributes = {
				LastUpgradeCheck = 0460;
				ORGANIZATIONNAME = Neon;
			};
			buildConfigurationList = 916CCC0116E387C3006882E2 /* Build configuration list for PBXProject "CollectionViewExamples" */;
			compatibilityVersion = "Xcode 3.2";
			developmentRegion = English;
			hasScannedForEncodings = 0;
			knownRegions = (
				en,
			);
			mainGroup = 916CCBFD16E387C3006882E2;
			productRefGroup = 916CCC0716E387C3006882E2 /* Products */;
			projectDirPath = "";
			projectRoot = "";
			targets = (
				916CCC0516E387C3006882E2 /* CollectionViewExamples */,
			);
		};
/* End PBXProject section */

/* Begin PBXResourcesBuildPhase section */
		916CCC0416E387C3006882E2 /* Resources */ = {
			isa = PBXResourcesBuildPhase;
			buildActionMask = 2147483647;
			files = (
				916CCC1416E387C3006882E2 /* InfoPlist.strings in Resources */,
				916CCC1C16E387C3006882E2 /* Default.png in Resources */,
				916CCC1E16E387C3006882E2 /* Default@2x.png in Resources */,
				916CCC2016E387C3006882E2 /* Default-568h@2x.png in Resources */,
				916CCC2616E387C3006882E2 /* CollectionViewController_iPhone.xib in Resources */,
				916CCC2916E387C3006882E2 /* CollectionViewController_iPad.xib in Resources */,
				916CCC3416E389A7006882E2 /* Images in Resources */,
			);
			runOnlyForDeploymentPostprocessing = 0;
		};
/* End PBXResourcesBuildPhase section */

/* Begin PBXSourcesBuildPhase section */
		916CCC0216E387C3006882E2 /* Sources */ = {
			isa = PBXSourcesBuildPhase;
			buildActionMask = 2147483647;
			files = (
				916CCC1616E387C3006882E2 /* main.m in Sources */,
				916CCC1A16E387C3006882E2 /* AppDelegate.m in Sources */,
				916CCC2316E387C3006882E2 /* CollectionViewController.m in Sources */,
				916CCC3216E3885E006882E2 /* TableViewStyleLayout.m in Sources */,
				916CCC3816E38AD2006882E2 /* CollectionViewCellWithImageView.m in Sources */,
				9176D83616E39C22008F444E /* GridStyleLayout.m in Sources */,
				91C7042D16E3C6A9004F2B76 /* CoverFlowStyleLayout.m in Sources */,
				9149FC0416F2717100DE9E34 /* RadialLayout.m in Sources */,
				9149FC5C16F37EE000DE9E34 /* TransformLayout.m in Sources */,
			);
			runOnlyForDeploymentPostprocessing = 0;
		};
/* End PBXSourcesBuildPhase section */

/* Begin PBXVariantGroup section */
		916CCC1216E387C3006882E2 /* InfoPlist.strings */ = {
			isa = PBXVariantGroup;
			children = (
				916CCC1316E387C3006882E2 /* en */,
			);
			name = InfoPlist.strings;
			sourceTree = "<group>";
		};
		916CCC2416E387C3006882E2 /* CollectionViewController_iPhone.xib */ = {
			isa = PBXVariantGroup;
			children = (
				916CCC2516E387C3006882E2 /* en */,
			);
			name = CollectionViewController_iPhone.xib;
			sourceTree = "<group>";
		};
		916CCC2716E387C3006882E2 /* CollectionViewController_iPad.xib */ = {
			isa = PBXVariantGroup;
			children = (
				916CCC2816E387C3006882E2 /* en */,
			);
			name = CollectionViewController_iPad.xib;
			sourceTree = "<group>";
		};
/* End PBXVariantGroup section */

/* Begin XCBuildConfiguration section */
		916CCC2A16E387C3006882E2 /* Debug */ = {
			isa = XCBuildConfiguration;
			buildSettings = {
				ALWAYS_SEARCH_USER_PATHS = NO;
				CLANG_CXX_LANGUAGE_STANDARD = "gnu++0x";
				CLANG_CXX_LIBRARY = "libc++";
				CLANG_ENABLE_OBJC_ARC = YES;
				CLANG_WARN_CONSTANT_CONVERSION = YES;
				CLANG_WARN_EMPTY_BODY = YES;
				CLANG_WARN_ENUM_CONVERSION = YES;
				CLANG_WARN_INT_CONVERSION = YES;
				CLANG_WARN__DUPLICATE_METHOD_MATCH = YES;
				"CODE_SIGN_IDENTITY[sdk=iphoneos*]" = "iPhone Developer";
				COPY_PHASE_STRIP = NO;
				GCC_C_LANGUAGE_STANDARD = gnu99;
				GCC_DYNAMIC_NO_PIC = NO;
				GCC_OPTIMIZATION_LEVEL = 0;
				GCC_PREPROCESSOR_DEFINITIONS = (
					"DEBUG=1",
					"$(inherited)",
				);
				GCC_SYMBOLS_PRIVATE_EXTERN = NO;
				GCC_WARN_ABOUT_RETURN_TYPE = YES;
				GCC_WARN_UNINITIALIZED_AUTOS = YES;
				GCC_WARN_UNUSED_VARIABLE = YES;
				IPHONEOS_DEPLOYMENT_TARGET = 6.1;
				ONLY_ACTIVE_ARCH = YES;
				SDKROOT = iphoneos;
				TARGETED_DEVICE_FAMILY = "1,2";
			};
			name = Debug;
		};
		916CCC2B16E387C3006882E2 /* Release */ = {
			isa = XCBuildConfiguration;
			buildSettings = {
				ALWAYS_SEARCH_USER_PATHS = NO;
				CLANG_CXX_LANGUAGE_STANDARD = "gnu++0x";
				CLANG_CXX_LIBRARY = "libc++";
				CLANG_ENABLE_OBJC_ARC = YES;
				CLANG_WARN_CONSTANT_CONVERSION = YES;
				CLANG_WARN_EMPTY_BODY = YES;
				CLANG_WARN_ENUM_CONVERSION = YES;
				CLANG_WARN_INT_CONVERSION = YES;
				CLANG_WARN__DUPLICATE_METHOD_MATCH = YES;
				"CODE_SIGN_IDENTITY[sdk=iphoneos*]" = "iPhone Developer";
				COPY_PHASE_STRIP = YES;
				GCC_C_LANGUAGE_STANDARD = gnu99;
				GCC_WARN_ABOUT_RETURN_TYPE = YES;
				GCC_WARN_UNINITIALIZED_AUTOS = YES;
				GCC_WARN_UNUSED_VARIABLE = YES;
				IPHONEOS_DEPLOYMENT_TARGET = 6.1;
				OTHER_CFLAGS = "-DNS_BLOCK_ASSERTIONS=1";
				SDKROOT = iphoneos;
				TARGETED_DEVICE_FAMILY = "1,2";
				VALIDATE_PRODUCT = YES;
			};
			name = Release;
		};
		916CCC2D16E387C3006882E2 /* Debug */ = {
			isa = XCBuildConfiguration;
			buildSettings = {
				GCC_PRECOMPILE_PREFIX_HEADER = YES;
				GCC_PREFIX_HEADER = "CollectionViewExamples/CollectionViewExamples-Prefix.pch";
				INFOPLIST_FILE = "CollectionViewExamples/CollectionViewExamples-Info.plist";
				PRODUCT_NAME = "$(TARGET_NAME)";
				WRAPPER_EXTENSION = app;
			};
			name = Debug;
		};
		916CCC2E16E387C3006882E2 /* Release */ = {
			isa = XCBuildConfiguration;
			buildSettings = {
				GCC_PRECOMPILE_PREFIX_HEADER = YES;
				GCC_PREFIX_HEADER = "CollectionViewExamples/CollectionViewExamples-Prefix.pch";
				INFOPLIST_FILE = "CollectionViewExamples/CollectionViewExamples-Info.plist";
				PRODUCT_NAME = "$(TARGET_NAME)";
				WRAPPER_EXTENSION = app;
			};
			name = Release;
		};
/* End XCBuildConfiguration section */

/* Begin XCConfigurationList section */
		916CCC0116E387C3006882E2 /* Build configuration list for PBXProject "CollectionViewExamples" */ = {
			isa = XCConfigurationList;
			buildConfigurations = (
				916CCC2A16E387C3006882E2 /* Debug */,
				916CCC2B16E387C3006882E2 /* Release */,
			);
			defaultConfigurationIsVisible = 0;
			defaultConfigurationName = Release;
		};
		916CCC2C16E387C3006882E2 /* Build configuration list for PBXNativeTarget "CollectionViewExamples" */ = {
			isa = XCConfigurationList;
			buildConfigurations = (
				916CCC2D16E387C3006882E2 /* Debug */,
				916CCC2E16E387C3006882E2 /* Release */,
			);
			defaultConfigurationIsVisible = 0;
			defaultConfigurationName = Release;
		};
/* End XCConfigurationList section */
	};
	rootObject = 916CCBFE16E387C3006882E2 /* Project object */;
}
