// !$*UTF8*$!
{
	archiveVersion = 1;
	classes = {
	};
	objectVersion = 46;
	objects = {

/* Begin PBXBuildFile section */
		62D5CF3D15B8CB1900E0801C /* UIKit.framework in Frameworks */ = {isa = PBXBuildFile; fileRef = 62D5CF3C15B8CB1900E0801C /* UIKit.framework */; };
		62D5CF3F15B8CB1900E0801C /* Foundation.framework in Frameworks */ = {isa = PBXBuildFile; fileRef = 62D5CF3E15B8CB1900E0801C /* Foundation.framework */; };
		62D5CF4115B8CB1900E0801C /* CoreGraphics.framework in Frameworks */ = {isa = PBXBuildFile; fileRef = 62D5CF4015B8CB1900E0801C /* CoreGraphics.framework */; };
		62D5CF4715B8CB1900E0801C /* InfoPlist.strings in Resources */ = {isa = PBXBuildFile; fileRef = 62D5CF4515B8CB1900E0801C /* InfoPlist.strings */; };
		62D5CF4915B8CB1900E0801C /* main.m in Sources */ = {isa = PBXBuildFile; fileRef = 62D5CF4815B8CB1900E0801C /* main.m */; };
		62D5CF4D15B8CB1900E0801C /* AppDelegate.m in Sources */ = {isa = PBXBuildFile; fileRef = 62D5CF4C15B8CB1900E0801C /* AppDelegate.m */; };
		62D5CF5015B8CB1900E0801C /* MainStoryboard.storyboard in Resources */ = {isa = PBXBuildFile; fileRef = 62D5CF4E15B8CB1900E0801C /* MainStoryboard.storyboard */; };
		62D5CF5315B8CB1900E0801C /* ViewController.m in Sources */ = {isa = PBXBuildFile; fileRef = 62D5CF5215B8CB1900E0801C /* ViewController.m */; };
		62D5CF5B15B8CB9400E0801C /* Singleton.m in Sources */ = {isa = PBXBuildFile; fileRef = 62D5CF5A15B8CB9400E0801C /* Singleton.m */; };
		62DC810A17A570D900A709C5 /* MySharedObject.m in Sources */ = {isa = PBXBuildFile; fileRef = 62DC810917A570D900A709C5 /* MySharedObject.m */; };
/* End PBXBuildFile section */

/* Begin PBXFileReference section */
		62D5CF3815B8CB1900E0801C /* SingletonExample.app */ = {isa = PBXFileReference; explicitFileType = wrapper.application; includeInIndex = 0; path = SingletonExample.app; sourceTree = BUILT_PRODUCTS_DIR; };
		62D5CF3C15B8CB1900E0801C /* UIKit.framework */ = {isa = PBXFileReference; lastKnownFileType = wrapper.framework; name = UIKit.framework; path = System/Library/Frameworks/UIKit.framework; sourceTree = SDKROOT; };
		62D5CF3E15B8CB1900E0801C /* Foundation.framework */ = {isa = PBXFileReference; lastKnownFileType = wrapper.framework; name = Foundation.framework; path = System/Library/Frameworks/Foundation.framework; sourceTree = SDKROOT; };
		62D5CF4015B8CB1900E0801C /* CoreGraphics.framework */ = {isa = PBXFileReference; lastKnownFileType = wrapper.framework; name = CoreGraphics.framework; path = System/Library/Frameworks/CoreGraphics.framework; sourceTree = SDKROOT; };
		62D5CF4415B8CB1900E0801C /* SingletonExample-Info.plist */ = {isa = PBXFileReference; lastKnownFileType = text.plist.xml; path = "SingletonExample-Info.plist"; sourceTree = "<group>"; };
		62D5CF4615B8CB1900E0801C /* en */ = {isa = PBXFileReference; lastKnownFileType = text.plist.strings; name = en; path = en.lproj/InfoPlist.strings; sourceTree = "<group>"; };
		62D5CF4815B8CB1900E0801C /* main.m */ = {isa = PBXFileReference; lastKnownFileType = sourcecode.c.objc; path = main.m; sourceTree = "<group>"; };
		62D5CF4A15B8CB1900E0801C /* SingletonExample-Prefix.pch */ = {isa = PBXFileReference; lastKnownFileType = sourcecode.c.h; path = "SingletonExample-Prefix.pch"; sourceTree = "<group>"; };
		62D5CF4B15B8CB1900E0801C /* AppDelegate.h */ = {isa = PBXFileReference; lastKnownFileType = sourcecode.c.h; path = AppDelegate.h; sourceTree = "<group>"; };
		62D5CF4C15B8CB1900E0801C /* AppDelegate.m */ = {isa = PBXFileReference; lastKnownFileType = sourcecode.c.objc; path = AppDelegate.m; sourceTree = "<group>"; };
		62D5CF4F15B8CB1900E0801C /* en */ = {isa = PBXFileReference; lastKnownFileType = file.storyboard; name = en; path = en.lproj/MainStoryboard.storyboard; sourceTree = "<group>"; };
		62D5CF5115B8CB1900E0801C /* ViewController.h */ = {isa = PBXFileReference; lastKnownFileType = sourcecode.c.h; path = ViewController.h; sourceTree = "<group>"; };
		62D5CF5215B8CB1900E0801C /* ViewController.m */ = {isa = PBXFileReference; lastKnownFileType = sourcecode.c.objc; path = ViewController.m; sourceTree = "<group>"; };
		62D5CF5915B8CB9400E0801C /* Singleton.h */ = {isa = PBXFileReference; fileEncoding = 4; lastKnownFileType = sourcecode.c.h; path = Singleton.h; sourceTree = "<group>"; };
		62D5CF5A15B8CB9400E0801C /* Singleton.m */ = {isa = PBXFileReference; fileEncoding = 4; lastKnownFileType = sourcecode.c.objc; path = Singleton.m; sourceTree = "<group>"; };
		62DC810717A56D3D00A709C5 /* Const.h */ = {isa = PBXFileReference; lastKnownFileType = sourcecode.c.h; path = Const.h; sourceTree = "<group>"; };
		62DC810817A570D900A709C5 /* MySharedObject.h */ = {isa = PBXFileReference; fileEncoding = 4; lastKnownFileType = sourcecode.c.h; path = MySharedObject.h; sourceTree = "<group>"; };
		62DC810917A570D900A709C5 /* MySharedObject.m */ = {isa = PBXFileReference; fileEncoding = 4; lastKnownFileType = sourcecode.c.objc; path = MySharedObject.m; sourceTree = "<group>"; };
/* End PBXFileReference section */

/* Begin PBXFrameworksBuildPhase section */
		62D5CF3515B8CB1900E0801C /* Frameworks */ = {
			isa = PBXFrameworksBuildPhase;
			buildActionMask = 2147483647;
			files = (
				62D5CF3D15B8CB1900E0801C /* UIKit.framework in Frameworks */,
				62D5CF3F15B8CB1900E0801C /* Foundation.framework in Frameworks */,
				62D5CF4115B8CB1900E0801C /* CoreGraphics.framework in Frameworks */,
			);
			runOnlyForDeploymentPostprocessing = 0;
		};
/* End PBXFrameworksBuildPhase section */

/* Begin PBXGroup section */
		62D5CF2D15B8CB1900E0801C = {
			isa = PBXGroup;
			children = (
				62D5CF4215B8CB1900E0801C /* SingletonExample */,
				62D5CF3B15B8CB1900E0801C /* Frameworks */,
				62D5CF3915B8CB1900E0801C /* Products */,
			);
			sourceTree = "<group>";
		};
		62D5CF3915B8CB1900E0801C /* Products */ = {
			isa = PBXGroup;
			children = (
				62D5CF3815B8CB1900E0801C /* SingletonExample.app */,
			);
			name = Products;
			sourceTree = "<group>";
		};
		62D5CF3B15B8CB1900E0801C /* Frameworks */ = {
			isa = PBXGroup;
			children = (
				62D5CF3C15B8CB1900E0801C /* UIKit.framework */,
				62D5CF3E15B8CB1900E0801C /* Foundation.framework */,
				62D5CF4015B8CB1900E0801C /* CoreGraphics.framework */,
			);
			name = Frameworks;
			sourceTree = "<group>";
		};
		62D5CF4215B8CB1900E0801C /* SingletonExample */ = {
			isa = PBXGroup;
			children = (
				62D5CF4B15B8CB1900E0801C /* AppDelegate.h */,
				62D5CF4C15B8CB1900E0801C /* AppDelegate.m */,
				62D5CF4E15B8CB1900E0801C /* MainStoryboard.storyboard */,
				62D5CF5115B8CB1900E0801C /* ViewController.h */,
				62D5CF5215B8CB1900E0801C /* ViewController.m */,
				62DC810717A56D3D00A709C5 /* Const.h */,
				62D5CF5915B8CB9400E0801C /* Singleton.h */,
				62D5CF5A15B8CB9400E0801C /* Singleton.m */,
				62DC810817A570D900A709C5 /* MySharedObject.h */,
				62DC810917A570D900A709C5 /* MySharedObject.m */,
				62D5CF4315B8CB1900E0801C /* Supporting Files */,
			);
			path = SingletonExample;
			sourceTree = "<group>";
		};
		62D5CF4315B8CB1900E0801C /* Supporting Files */ = {
			isa = PBXGroup;
			children = (
				62D5CF4415B8CB1900E0801C /* SingletonExample-Info.plist */,
				62D5CF4515B8CB1900E0801C /* InfoPlist.strings */,
				62D5CF4815B8CB1900E0801C /* main.m */,
				62D5CF4A15B8CB1900E0801C /* SingletonExample-Prefix.pch */,
			);
			name = "Supporting Files";
			sourceTree = "<group>";
		};
/* End PBXGroup section */

/* Begin PBXNativeTarget section */
		62D5CF3715B8CB1900E0801C /* SingletonExample */ = {
			isa = PBXNativeTarget;
			buildConfigurationList = 62D5CF5615B8CB1900E0801C /* Build configuration list for PBXNativeTarget "SingletonExample" */;
			buildPhases = (
				62D5CF3415B8CB1900E0801C /* Sources */,
				62D5CF3515B8CB1900E0801C /* Frameworks */,
				62D5CF3615B8CB1900E0801C /* Resources */,
			);
			buildRules = (
			);
			dependencies = (
			);
			name = SingletonExample;
			productName = SingletonExample;
			productReference = 62D5CF3815B8CB1900E0801C /* SingletonExample.app */;
			productType = "com.apple.product-type.application";
		};
/* End PBXNativeTarget section */

/* Begin PBXProject section */
		62D5CF2F15B8CB1900E0801C /* Project object */ = {
			isa = PBXProject;
			attributes = {
				LastUpgradeCheck = 0430;
				ORGANIZATIONNAME = Gutpela;
			};
			buildConfigurationList = 62D5CF3215B8CB1900E0801C /* Build configuration list for PBXProject "SingletonExample" */;
			compatibilityVersion = "Xcode 3.2";
			developmentRegion = English;
			hasScannedForEncodings = 0;
			knownRegions = (
				en,
			);
			mainGroup = 62D5CF2D15B8CB1900E0801C;
			productRefGroup = 62D5CF3915B8CB1900E0801C /* Products */;
			projectDirPath = "";
			projectRoot = "";
			targets = (
				62D5CF3715B8CB1900E0801C /* SingletonExample */,
			);
		};
/* End PBXProject section */

/* Begin PBXResourcesBuildPhase section */
		62D5CF3615B8CB1900E0801C /* Resources */ = {
			isa = PBXResourcesBuildPhase;
			buildActionMask = 2147483647;
			files = (
				62D5CF4715B8CB1900E0801C /* InfoPlist.strings in Resources */,
				62D5CF5015B8CB1900E0801C /* MainStoryboard.storyboard in Resources */,
			);
			runOnlyForDeploymentPostprocessing = 0;
		};
/* End PBXResourcesBuildPhase section */

/* Begin PBXSourcesBuildPhase section */
		62D5CF3415B8CB1900E0801C /* Sources */ = {
			isa = PBXSourcesBuildPhase;
			buildActionMask = 2147483647;
			files = (
				62D5CF4915B8CB1900E0801C /* main.m in Sources */,
				62D5CF4D15B8CB1900E0801C /* AppDelegate.m in Sources */,
				62D5CF5315B8CB1900E0801C /* ViewController.m in Sources */,
				62D5CF5B15B8CB9400E0801C /* Singleton.m in Sources */,
				62DC810A17A570D900A709C5 /* MySharedObject.m in Sources */,
			);
			runOnlyForDeploymentPostprocessing = 0;
		};
/* End PBXSourcesBuildPhase section */

/* Begin PBXVariantGroup section */
		62D5CF4515B8CB1900E0801C /* InfoPlist.strings */ = {
			isa = PBXVariantGroup;
			children = (
				62D5CF4615B8CB1900E0801C /* en */,
			);
			name = InfoPlist.strings;
			sourceTree = "<group>";
		};
		62D5CF4E15B8CB1900E0801C /* MainStoryboard.storyboard */ = {
			isa = PBXVariantGroup;
			children = (
				62D5CF4F15B8CB1900E0801C /* en */,
			);
			name = MainStoryboard.storyboard;
			sourceTree = "<group>";
		};
/* End PBXVariantGroup section */

/* Begin XCBuildConfiguration section */
		62D5CF5415B8CB1900E0801C /* Debug */ = {
			isa = XCBuildConfiguration;
			buildSettings = {
				ALWAYS_SEARCH_USER_PATHS = NO;
				ARCHS = "$(ARCHS_STANDARD_32_BIT)";
				CLANG_ENABLE_OBJC_ARC = YES;
				"CODE_SIGN_IDENTITY[sdk=iphoneos*]" = "iPhone Developer";
				COPY_PHASE_STRIP = NO;
				GCC_C_LANGUAGE_STANDARD = gnu99;
				GCC_DYNAMIC_NO_PIC = NO;
				GCC_OPTIMIZATION_LEVEL = 0;
				GCC_PREPROCESSOR_DEFINITIONS = (
					"DEBUG=1",
					"$(inherited)",
				);
				GCC_SYMBOLS_PRIVATE_EXTERN = NO;
				GCC_VERSION = com.apple.compilers.llvm.clang.1_0;
				GCC_WARN_ABOUT_RETURN_TYPE = YES;
				GCC_WARN_UNINITIALIZED_AUTOS = YES;
				GCC_WARN_UNUSED_VARIABLE = YES;
				IPHONEOS_DEPLOYMENT_TARGET = 5.1;
				SDKROOT = iphoneos;
			};
			name = Debug;
		};
		62D5CF5515B8CB1900E0801C /* Release */ = {
			isa = XCBuildConfiguration;
			buildSettings = {
				ALWAYS_SEARCH_USER_PATHS = NO;
				ARCHS = "$(ARCHS_STANDARD_32_BIT)";
				CLANG_ENABLE_OBJC_ARC = YES;
				"CODE_SIGN_IDENTITY[sdk=iphoneos*]" = "iPhone Developer";
				COPY_PHASE_STRIP = YES;
				GCC_C_LANGUAGE_STANDARD = gnu99;
				GCC_VERSION = com.apple.compilers.llvm.clang.1_0;
				GCC_WARN_ABOUT_RETURN_TYPE = YES;
				GCC_WARN_UNINITIALIZED_AUTOS = YES;
				GCC_WARN_UNUSED_VARIABLE = YES;
				IPHONEOS_DEPLOYMENT_TARGET = 5.1;
				OTHER_CFLAGS = "-DNS_BLOCK_ASSERTIONS=1";
				SDKROOT = iphoneos;
				VALIDATE_PRODUCT = YES;
			};
			name = Release;
		};
		62D5CF5715B8CB1900E0801C /* Debug */ = {
			isa = XCBuildConfiguration;
			buildSettings = {
				GCC_PRECOMPILE_PREFIX_HEADER = YES;
				GCC_PREFIX_HEADER = "SingletonExample/SingletonExample-Prefix.pch";
				INFOPLIST_FILE = "SingletonExample/SingletonExample-Info.plist";
				PRODUCT_NAME = "$(TARGET_NAME)";
				WRAPPER_EXTENSION = app;
			};
			name = Debug;
		};
		62D5CF5815B8CB1900E0801C /* Release */ = {
			isa = XCBuildConfiguration;
			buildSettings = {
				GCC_PRECOMPILE_PREFIX_HEADER = YES;
				GCC_PREFIX_HEADER = "SingletonExample/SingletonExample-Prefix.pch";
				INFOPLIST_FILE = "SingletonExample/SingletonExample-Info.plist";
				PRODUCT_NAME = "$(TARGET_NAME)";
				WRAPPER_EXTENSION = app;
			};
			name = Release;
		};
/* End XCBuildConfiguration section */

/* Begin XCConfigurationList section */
		62D5CF3215B8CB1900E0801C /* Build configuration list for PBXProject "SingletonExample" */ = {
			isa = XCConfigurationList;
			buildConfigurations = (
				62D5CF5415B8CB1900E0801C /* Debug */,
				62D5CF5515B8CB1900E0801C /* Release */,
			);
			defaultConfigurationIsVisible = 0;
			defaultConfigurationName = Release;
		};
		62D5CF5615B8CB1900E0801C /* Build configuration list for PBXNativeTarget "SingletonExample" */ = {
			isa = XCConfigurationList;
			buildConfigurations = (
				62D5CF5715B8CB1900E0801C /* Debug */,
				62D5CF5815B8CB1900E0801C /* Release */,
			);
			defaultConfigurationIsVisible = 0;
			defaultConfigurationName = Release;
		};
/* End XCConfigurationList section */
	};
	rootObject = 62D5CF2F15B8CB1900E0801C /* Project object */;
}
